
Microsoft Visual Studio Solution File, Format Version 12.00
# Visual Studio Version 16
VisualStudioVersion = 16.0.33130.400
MinimumVisualStudioVersion = 10.0.40219.1
Project("{8BC9CEB8-8B4A-11D0-8D11-00A0C91BC942}") = "Rookiss-CPPandUnreal-Part3-Algorithm", "Rookiss-CPPandUnreal-Part3-Algorithm.vcxproj", "{571C7634-7469-44D1-A987-AF7536CCA936}"
EndProject
Project("{8BC9CEB8-8B4A-11D0-8D11-00A0C91BC942}") = "Maze", "..\Maze\Maze.vcxproj", "{944E1D17-FE90-486C-8A51-B7641A1F47E9}"
EndProject
Project("{8BC9CEB8-8B4A-11D0-8D11-00A0C91BC942}") = "Algorithm", "..\Algorithm\Algorithm.vcxproj", "{E8C73A13-183F-4018-8FEC-E306CE23EA0F}"
EndProject
Project("{8BC9CEB8-8B4A-11D0-8D11-00A0C91BC942}") = "List", "..\List\List.vcxproj", "{A37DA63D-2B4E-475A-B6B7-5A0F182053CD}"
EndProject
Project("{8BC9CEB8-8B4A-11D0-8D11-00A0C91BC942}") = "Vector", "..\Vector\Vector.vcxproj", "{132651EB-614F-4222-9841-2C890A457317}"
EndProject
Project("{8BC9CEB8-8B4A-11D0-8D11-00A0C91BC942}") = "Stack", "..\Stack\Stack.vcxproj", "{CEC75DD1-0B7B-440A-8621-49283E3B0BFC}"
EndProject
Project("{8BC9CEB8-8B4A-11D0-8D11-00A0C91BC942}") = "Queue", "..\Queue\Queue.vcxproj", "{6E8F4C03-08C8-4522-B89D-D2770286BEF8}"
EndProject
Global
	GlobalSection(SolutionConfigurationPlatforms) = preSolution
		Debug|x64 = Debug|x64
		Debug|x86 = Debug|x86
		Release|x64 = Release|x64
		Release|x86 = Release|x86
	EndGlobalSection
	GlobalSection(ProjectConfigurationPlatforms) = postSolution
		{571C7634-7469-44D1-A987-AF7536CCA936}.Debug|x64.ActiveCfg = Debug|x64
		{571C7634-7469-44D1-A987-AF7536CCA936}.Debug|x64.Build.0 = Debug|x64
		{571C7634-7469-44D1-A987-AF7536CCA936}.Debug|x86.ActiveCfg = Debug|Win32
		{571C7634-7469-44D1-A987-AF7536CCA936}.Debug|x86.Build.0 = Debug|Win32
		{571C7634-7469-44D1-A987-AF7536CCA936}.Release|x64.ActiveCfg = Release|x64
		{571C7634-7469-44D1-A987-AF7536CCA936}.Release|x64.Build.0 = Release|x64
		{571C7634-7469-44D1-A987-AF7536CCA936}.Release|x86.ActiveCfg = Release|Win32
		{571C7634-7469-44D1-A987-AF7536CCA936}.Release|x86.Build.0 = Release|Win32
		{944E1D17-FE90-486C-8A51-B7641A1F47E9}.Debug|x64.ActiveCfg = Debug|x64
		{944E1D17-FE90-486C-8A51-B7641A1F47E9}.Debug|x64.Build.0 = Debug|x64
		{944E1D17-FE90-486C-8A51-B7641A1F47E9}.Debug|x86.ActiveCfg = Debug|Win32
		{944E1D17-FE90-486C-8A51-B7641A1F47E9}.Debug|x86.Build.0 = Debug|Win32
		{944E1D17-FE90-486C-8A51-B7641A1F47E9}.Release|x64.ActiveCfg = Release|x64
		{944E1D17-FE90-486C-8A51-B7641A1F47E9}.Release|x64.Build.0 = Release|x64
		{944E1D17-FE90-486C-8A51-B7641A1F47E9}.Release|x86.ActiveCfg = Release|Win32
		{944E1D17-FE90-486C-8A51-B7641A1F47E9}.Release|x86.Build.0 = Release|Win32
		{E8C73A13-183F-4018-8FEC-E306CE23EA0F}.Debug|x64.ActiveCfg = Debug|x64
		{E8C73A13-183F-4018-8FEC-E306CE23EA0F}.Debug|x64.Build.0 = Debug|x64
		{E8C73A13-183F-4018-8FEC-E306CE23EA0F}.Debug|x86.ActiveCfg = Debug|Win32
		{E8C73A13-183F-4018-8FEC-E306CE23EA0F}.Debug|x86.Build.0 = Debug|Win32
		{E8C73A13-183F-4018-8FEC-E306CE23EA0F}.Release|x64.ActiveCfg = Release|x64
		{E8C73A13-183F-4018-8FEC-E306CE23EA0F}.Release|x64.Build.0 = Release|x64
		{E8C73A13-183F-4018-8FEC-E306CE23EA0F}.Release|x86.ActiveCfg = Release|Win32
		{E8C73A13-183F-4018-8FEC-E306CE23EA0F}.Release|x86.Build.0 = Release|Win32
		{A37DA63D-2B4E-475A-B6B7-5A0F182053CD}.Debug|x64.ActiveCfg = Debug|x64
		{A37DA63D-2B4E-475A-B6B7-5A0F182053CD}.Debug|x64.Build.0 = Debug|x64
		{A37DA63D-2B4E-475A-B6B7-5A0F182053CD}.Debug|x86.ActiveCfg = Debug|Win32
		{A37DA63D-2B4E-475A-B6B7-5A0F182053CD}.Debug|x86.Build.0 = Debug|Win32
		{A37DA63D-2B4E-475A-B6B7-5A0F182053CD}.Release|x64.ActiveCfg = Release|x64
		{A37DA63D-2B4E-475A-B6B7-5A0F182053CD}.Release|x64.Build.0 = Release|x64
		{A37DA63D-2B4E-475A-B6B7-5A0F182053CD}.Release|x86.ActiveCfg = Release|Win32
		{A37DA63D-2B4E-475A-B6B7-5A0F182053CD}.Release|x86.Build.0 = Release|Win32
		{132651EB-614F-4222-9841-2C890A457317}.Debug|x64.ActiveCfg = Debug|x64
		{132651EB-614F-4222-9841-2C890A457317}.Debug|x64.Build.0 = Debug|x64
		{132651EB-614F-4222-9841-2C890A457317}.Debug|x86.ActiveCfg = Debug|Win32
		{132651EB-614F-4222-9841-2C890A457317}.Debug|x86.Build.0 = Debug|Win32
		{132651EB-614F-4222-9841-2C890A457317}.Release|x64.ActiveCfg = Release|x64
		{132651EB-614F-4222-9841-2C890A457317}.Release|x64.Build.0 = Release|x64
		{132651EB-614F-4222-9841-2C890A457317}.Release|x86.ActiveCfg = Release|Win32
		{132651EB-614F-4222-9841-2C890A457317}.Release|x86.Build.0 = Release|Win32
		{CEC75DD1-0B7B-440A-8621-49283E3B0BFC}.Debug|x64.ActiveCfg = Debug|x64
		{CEC75DD1-0B7B-440A-8621-49283E3B0BFC}.Debug|x64.Build.0 = Debug|x64
		{CEC75DD1-0B7B-440A-8621-49283E3B0BFC}.Debug|x86.ActiveCfg = Debug|Win32
		{CEC75DD1-0B7B-440A-8621-49283E3B0BFC}.Debug|x86.Build.0 = Debug|Win32
		{CEC75DD1-0B7B-440A-8621-49283E3B0BFC}.Release|x64.ActiveCfg = Release|x64
		{CEC75DD1-0B7B-440A-8621-49283E3B0BFC}.Release|x64.Build.0 = Release|x64
		{CEC75DD1-0B7B-440A-8621-49283E3B0BFC}.Release|x86.ActiveCfg = Release|Win32
		{CEC75DD1-0B7B-440A-8621-49283E3B0BFC}.Release|x86.Build.0 = Release|Win32
		{6E8F4C03-08C8-4522-B89D-D2770286BEF8}.Debug|x64.ActiveCfg = Debug|x64
		{6E8F4C03-08C8-4522-B89D-D2770286BEF8}.Debug|x64.Build.0 = Debug|x64
		{6E8F4C03-08C8-4522-B89D-D2770286BEF8}.Debug|x86.ActiveCfg = Debug|Win32
		{6E8F4C03-08C8-4522-B89D-D2770286BEF8}.Debug|x86.Build.0 = Debug|Win32
		{6E8F4C03-08C8-4522-B89D-D2770286BEF8}.Release|x64.ActiveCfg = Release|x64
		{6E8F4C03-08C8-4522-B89D-D2770286BEF8}.Release|x64.Build.0 = Release|x64
		{6E8F4C03-08C8-4522-B89D-D2770286BEF8}.Release|x86.ActiveCfg = Release|Win32
		{6E8F4C03-08C8-4522-B89D-D2770286BEF8}.Release|x86.Build.0 = Release|Win32
	EndGlobalSection
	GlobalSection(SolutionProperties) = preSolution
		HideSolutionNode = FALSE
	EndGlobalSection
	GlobalSection(ExtensibilityGlobals) = postSolution
		SolutionGuid = {70480175-CBA8-4A47-BB6F-EE5BC346A476}
	EndGlobalSection
EndGlobal
